
Microsoft Visual Studio Solution File, Format Version 12.00
# Visual Studio 14
VisualStudioVersion = 14.0.25123.0
MinimumVisualStudioVersion = 10.0.40219.1
Project("{FAE04EC0-301F-11D3-BF4B-00C04F79EFBC}") = "AI Project", "AI Project\AI Project.csproj", "{C8AD0A7A-CD7F-4E26-9FC8-8C5D32D5BA75}"
EndProject
Global
	GlobalSection(SolutionConfigurationPlatforms) = preSolution
		Debug|Any CPU = Debug|Any CPU
		Release|Any CPU = Release|Any CPU
	EndGlobalSection
	GlobalSection(ProjectConfigurationPlatforms) = postSolution
		{C8AD0A7A-CD7F-4E26-9FC8-8C5D32D5BA75}.Debug|Any CPU.ActiveCfg = Debug|Any CPU
		{C8AD0A7A-CD7F-4E26-9FC8-8C5D32D5BA75}.Debug|Any CPU.Build.0 = Debug|Any CPU
		{C8AD0A7A-CD7F-4E26-9FC8-8C5D32D5BA75}.Release|Any CPU.ActiveCfg = Release|Any CPU
		{C8AD0A7A-CD7F-4E26-9FC8-8C5D32D5BA75}.Release|Any CPU.Build.0 = Release|Any CPU
	EndGlobalSection
	GlobalSection(SolutionProperties) = preSolution
		HideSolutionNode = FALSE
	EndGlobalSection
EndGlobal
